
Microsoft Visual Studio Solution File, Format Version 12.00
# Visual Studio 2012
Project("{FAE04EC0-301F-11D3-BF4B-00C04F79EFBC}") = "Empire World data server", "Empire World data server\Empire World data server.csproj", "{7403E755-54AD-4972-955F-3A6E55F4FFC4}"
EndProject
Project("{FAE04EC0-301F-11D3-BF4B-00C04F79EFBC}") = "EmpireWorld", "launcher\Empire World Launcher\EmpireWorld.csproj", "{B2E76B1F-B555-42DA-84F4-E01507F21E9B}"
EndProject
Project("{FAE04EC0-301F-11D3-BF4B-00C04F79EFBC}") = "EmpireUpdate", "launcher\EmpireUpdate\EmpireUpdate.csproj", "{CE153896-BC46-477F-8290-F67FBD9A5593}"
EndProject
Global
	GlobalSection(SolutionConfigurationPlatforms) = preSolution
		Debug|Any CPU = Debug|Any CPU
		Debug|Mixed Platforms = Debug|Mixed Platforms
		Debug|x86 = Debug|x86
		Release|Any CPU = Release|Any CPU
		Release|Mixed Platforms = Release|Mixed Platforms
		Release|x86 = Release|x86
	EndGlobalSection
	GlobalSection(ProjectConfigurationPlatforms) = postSolution
		{7403E755-54AD-4972-955F-3A6E55F4FFC4}.Debug|Any CPU.ActiveCfg = Debug|Any CPU
		{7403E755-54AD-4972-955F-3A6E55F4FFC4}.Debug|Any CPU.Build.0 = Debug|Any CPU
		{7403E755-54AD-4972-955F-3A6E55F4FFC4}.Debug|Mixed Platforms.ActiveCfg = Debug|Any CPU
		{7403E755-54AD-4972-955F-3A6E55F4FFC4}.Debug|Mixed Platforms.Build.0 = Debug|Any CPU
		{7403E755-54AD-4972-955F-3A6E55F4FFC4}.Debug|x86.ActiveCfg = Debug|Any CPU
		{7403E755-54AD-4972-955F-3A6E55F4FFC4}.Release|Any CPU.ActiveCfg = Release|Any CPU
		{7403E755-54AD-4972-955F-3A6E55F4FFC4}.Release|Any CPU.Build.0 = Release|Any CPU
		{7403E755-54AD-4972-955F-3A6E55F4FFC4}.Release|Mixed Platforms.ActiveCfg = Release|Any CPU
		{7403E755-54AD-4972-955F-3A6E55F4FFC4}.Release|Mixed Platforms.Build.0 = Release|Any CPU
		{7403E755-54AD-4972-955F-3A6E55F4FFC4}.Release|x86.ActiveCfg = Release|Any CPU
		{B2E76B1F-B555-42DA-84F4-E01507F21E9B}.Debug|Any CPU.ActiveCfg = Debug|x86
		{B2E76B1F-B555-42DA-84F4-E01507F21E9B}.Debug|Mixed Platforms.ActiveCfg = Debug|x86
		{B2E76B1F-B555-42DA-84F4-E01507F21E9B}.Debug|Mixed Platforms.Build.0 = Debug|x86
		{B2E76B1F-B555-42DA-84F4-E01507F21E9B}.Debug|x86.ActiveCfg = Debug|x86
		{B2E76B1F-B555-42DA-84F4-E01507F21E9B}.Debug|x86.Build.0 = Debug|x86
		{B2E76B1F-B555-42DA-84F4-E01507F21E9B}.Release|Any CPU.ActiveCfg = Release|x86
		{B2E76B1F-B555-42DA-84F4-E01507F21E9B}.Release|Mixed Platforms.ActiveCfg = Release|x86
		{B2E76B1F-B555-42DA-84F4-E01507F21E9B}.Release|Mixed Platforms.Build.0 = Release|x86
		{B2E76B1F-B555-42DA-84F4-E01507F21E9B}.Release|x86.ActiveCfg = Release|x86
		{B2E76B1F-B555-42DA-84F4-E01507F21E9B}.Release|x86.Build.0 = Release|x86
		{CE153896-BC46-477F-8290-F67FBD9A5593}.Debug|Any CPU.ActiveCfg = Debug|Any CPU
		{CE153896-BC46-477F-8290-F67FBD9A5593}.Debug|Any CPU.Build.0 = Debug|Any CPU
		{CE153896-BC46-477F-8290-F67FBD9A5593}.Debug|Mixed Platforms.ActiveCfg = Debug|Any CPU
		{CE153896-BC46-477F-8290-F67FBD9A5593}.Debug|Mixed Platforms.Build.0 = Debug|Any CPU
		{CE153896-BC46-477F-8290-F67FBD9A5593}.Debug|x86.ActiveCfg = Debug|Any CPU
		{CE153896-BC46-477F-8290-F67FBD9A5593}.Release|Any CPU.ActiveCfg = Release|Any CPU
		{CE153896-BC46-477F-8290-F67FBD9A5593}.Release|Any CPU.Build.0 = Release|Any CPU
		{CE153896-BC46-477F-8290-F67FBD9A5593}.Release|Mixed Platforms.ActiveCfg = Release|Any CPU
		{CE153896-BC46-477F-8290-F67FBD9A5593}.Release|Mixed Platforms.Build.0 = Release|Any CPU
		{CE153896-BC46-477F-8290-F67FBD9A5593}.Release|x86.ActiveCfg = Release|Any CPU
	EndGlobalSection
	GlobalSection(SolutionProperties) = preSolution
		HideSolutionNode = FALSE
	EndGlobalSection
EndGlobal
